{
  "name": "real_time_charts",
  "version": "1.0.0",
  "lockfileVersion": 1,
  "requires": true,
  "dependencies": {
    "plotly.js-dist": {
      "version": "1.48.1",
      "resolved": "https://registry.npmjs.org/plotly.js-dist/-/plotly.js-dist-1.48.1.tgz",
      "integrity": "sha512-mSaF1KdHvBExavA5eDoIFx5CaUIkkoix0LmjmM9BCHsFAl4ajl1Nhgw0VwTWir2/Txv+sEIw9q2h9fwDnqVGxg=="
    }
  }
}
